
Microsoft Visual Studio Solution File, Format Version 12.00
# Visual Studio 14
VisualStudioVersion = 14.0.25420.1
MinimumVisualStudioVersion = 10.0.40219.1
Project("{FAE04EC0-301F-11D3-BF4B-00C04F79EFBC}") = "Core", "Core\Core.csproj", "{C1D64253-B0F0-46AE-B30F-CD8C777AF28B}"
EndProject
Project("{FAE04EC0-301F-11D3-BF4B-00C04F79EFBC}") = "SuffixTreeWordsParser", "SuffixTreeWordsParser\SuffixTreeWordsParser.csproj", "{BAB6AFE9-2BCD-41D5-A2D7-9F97B17D7A8E}"
EndProject
Project("{FAE04EC0-301F-11D3-BF4B-00C04F79EFBC}") = "SuffixTreeWordsParser.Test", "SuffixTreeWordsParser.Test\SuffixTreeWordsParser.Test.csproj", "{DB69FB5E-D042-4E4D-A567-CA19F091F73B}"
EndProject
Global
	GlobalSection(SolutionConfigurationPlatforms) = preSolution
		Debug|Any CPU = Debug|Any CPU
		Release|Any CPU = Release|Any CPU
	EndGlobalSection
	GlobalSection(ProjectConfigurationPlatforms) = postSolution
		{C1D64253-B0F0-46AE-B30F-CD8C777AF28B}.Debug|Any CPU.ActiveCfg = Debug|Any CPU
		{C1D64253-B0F0-46AE-B30F-CD8C777AF28B}.Debug|Any CPU.Build.0 = Debug|Any CPU
		{C1D64253-B0F0-46AE-B30F-CD8C777AF28B}.Release|Any CPU.ActiveCfg = Release|Any CPU
		{C1D64253-B0F0-46AE-B30F-CD8C777AF28B}.Release|Any CPU.Build.0 = Release|Any CPU
		{BAB6AFE9-2BCD-41D5-A2D7-9F97B17D7A8E}.Debug|Any CPU.ActiveCfg = Debug|Any CPU
		{BAB6AFE9-2BCD-41D5-A2D7-9F97B17D7A8E}.Debug|Any CPU.Build.0 = Debug|Any CPU
		{BAB6AFE9-2BCD-41D5-A2D7-9F97B17D7A8E}.Release|Any CPU.ActiveCfg = Release|Any CPU
		{BAB6AFE9-2BCD-41D5-A2D7-9F97B17D7A8E}.Release|Any CPU.Build.0 = Release|Any CPU
		{DB69FB5E-D042-4E4D-A567-CA19F091F73B}.Debug|Any CPU.ActiveCfg = Debug|Any CPU
		{DB69FB5E-D042-4E4D-A567-CA19F091F73B}.Debug|Any CPU.Build.0 = Debug|Any CPU
		{DB69FB5E-D042-4E4D-A567-CA19F091F73B}.Release|Any CPU.ActiveCfg = Release|Any CPU
		{DB69FB5E-D042-4E4D-A567-CA19F091F73B}.Release|Any CPU.Build.0 = Release|Any CPU
	EndGlobalSection
	GlobalSection(SolutionProperties) = preSolution
		HideSolutionNode = FALSE
	EndGlobalSection
EndGlobal
